<Solution>
  <Project Path="../BusinessLogic/BusinessLogic.csproj" Id="da27d6b2-5ceb-4c7f-9b62-de635d536fd0" />
  <Project Path="../DataAccess/DataAccess.csproj" Id="521eb17b-2ffb-4e61-84ed-94d13c478725" />
  <Project Path="../Shared/Shared.csproj" Id="d6ba9726-ecc1-4bae-8fcf-76d575eef0e5" />
  <Project Path="SteamAPI.csproj" />
</Solution>
